
Microsoft Visual Studio Solution File, Format Version 12.00
# Visual Studio Version 16
VisualStudioVersion = 16.0.30413.136
MinimumVisualStudioVersion = 10.0.40219.1
Project("{9A19103F-16F7-4668-BE54-9A1E7A4F7556}") = "FAST Framework", "FAST Framework\FAST Framework.csproj", "{0E0673E9-5B79-4F8B-A5AA-5D4B9CF7BD99}"
EndProject
Project("{FAE04EC0-301F-11D3-BF4B-00C04F79EFBC}") = "Testing", "Testing\Testing.csproj", "{0FF326E7-116F-4744-99ED-A6383B12C84A}"
EndProject
Global
	GlobalSection(SolutionConfigurationPlatforms) = preSolution
		Debug|Any CPU = Debug|Any CPU
		Release|Any CPU = Release|Any CPU
	EndGlobalSection
	GlobalSection(ProjectConfigurationPlatforms) = postSolution
		{0E0673E9-5B79-4F8B-A5AA-5D4B9CF7BD99}.Debug|Any CPU.ActiveCfg = Debug|Any CPU
		{0E0673E9-5B79-4F8B-A5AA-5D4B9CF7BD99}.Debug|Any CPU.Build.0 = Debug|Any CPU
		{0E0673E9-5B79-4F8B-A5AA-5D4B9CF7BD99}.Release|Any CPU.ActiveCfg = Release|Any CPU
		{0E0673E9-5B79-4F8B-A5AA-5D4B9CF7BD99}.Release|Any CPU.Build.0 = Release|Any CPU
		{0FF326E7-116F-4744-99ED-A6383B12C84A}.Debug|Any CPU.ActiveCfg = Debug|Any CPU
		{0FF326E7-116F-4744-99ED-A6383B12C84A}.Debug|Any CPU.Build.0 = Debug|Any CPU
		{0FF326E7-116F-4744-99ED-A6383B12C84A}.Release|Any CPU.ActiveCfg = Release|Any CPU
		{0FF326E7-116F-4744-99ED-A6383B12C84A}.Release|Any CPU.Build.0 = Release|Any CPU
	EndGlobalSection
	GlobalSection(SolutionProperties) = preSolution
		HideSolutionNode = FALSE
	EndGlobalSection
	GlobalSection(ExtensibilityGlobals) = postSolution
		SolutionGuid = {4D4B4C0A-7453-43D4-88E8-B99325C5AAFB}
	EndGlobalSection
EndGlobal
